
Microsoft Visual Studio Solution File, Format Version 12.00
# Visual Studio Version 17
VisualStudioVersion = 17.7.34031.279
MinimumVisualStudioVersion = 10.0.40219.1
Project("{FAE04EC0-301F-11D3-BF4B-00C04F79EFBC}") = "ClassLibraryFacultatives", "ClassLibraryFacultatives\ClassLibraryFacultatives.csproj", "{0ED1BC57-C627-4B95-BC5E-30E276A4043F}"
EndProject
Project("{FAE04EC0-301F-11D3-BF4B-00C04F79EFBC}") = "NetLab_7.1", "NetLab_7.1\NetLab_7.1.csproj", "{0F38D861-7573-4374-AFA7-A865678645AA}"
EndProject
Project("{FAE04EC0-301F-11D3-BF4B-00C04F79EFBC}") = "WindowsFormsControlLibraryFacultatives", "WindowsFormsControlLibraryFacultatives\WindowsFormsControlLibraryFacultatives.csproj", "{7B654145-7F65-44FA-8F0F-2F3EF8904C0B}"
EndProject
Global
	GlobalSection(SolutionConfigurationPlatforms) = preSolution
		Debug|Any CPU = Debug|Any CPU
		Release|Any CPU = Release|Any CPU
	EndGlobalSection
	GlobalSection(ProjectConfigurationPlatforms) = postSolution
		{0ED1BC57-C627-4B95-BC5E-30E276A4043F}.Debug|Any CPU.ActiveCfg = Debug|Any CPU
		{0ED1BC57-C627-4B95-BC5E-30E276A4043F}.Debug|Any CPU.Build.0 = Debug|Any CPU
		{0ED1BC57-C627-4B95-BC5E-30E276A4043F}.Release|Any CPU.ActiveCfg = Release|Any CPU
		{0ED1BC57-C627-4B95-BC5E-30E276A4043F}.Release|Any CPU.Build.0 = Release|Any CPU
		{0F38D861-7573-4374-AFA7-A865678645AA}.Debug|Any CPU.ActiveCfg = Debug|Any CPU
		{0F38D861-7573-4374-AFA7-A865678645AA}.Debug|Any CPU.Build.0 = Debug|Any CPU
		{0F38D861-7573-4374-AFA7-A865678645AA}.Release|Any CPU.ActiveCfg = Release|Any CPU
		{0F38D861-7573-4374-AFA7-A865678645AA}.Release|Any CPU.Build.0 = Release|Any CPU
		{7B654145-7F65-44FA-8F0F-2F3EF8904C0B}.Debug|Any CPU.ActiveCfg = Debug|Any CPU
		{7B654145-7F65-44FA-8F0F-2F3EF8904C0B}.Debug|Any CPU.Build.0 = Debug|Any CPU
		{7B654145-7F65-44FA-8F0F-2F3EF8904C0B}.Release|Any CPU.ActiveCfg = Release|Any CPU
		{7B654145-7F65-44FA-8F0F-2F3EF8904C0B}.Release|Any CPU.Build.0 = Release|Any CPU
	EndGlobalSection
	GlobalSection(SolutionProperties) = preSolution
		HideSolutionNode = FALSE
	EndGlobalSection
	GlobalSection(ExtensibilityGlobals) = postSolution
		SolutionGuid = {E4BF23CA-48DF-42DF-A7BB-3440F9CFD511}
	EndGlobalSection
EndGlobal
